
Microsoft Visual Studio Solution File, Format Version 12.00
# Visual Studio 2012
Project("{FAE04EC0-301F-11D3-BF4B-00C04F79EFBC}") = "ContextNavigator", "ContextNavigator\ContextNavigator.csproj", "{9511CB7C-5CCB-41DB-A130-9082D8D6EDF8}"
EndProject
Project("{FAE04EC0-301F-11D3-BF4B-00C04F79EFBC}") = "ContextNavigator_IntegrationTests", "ContextNavigator\ContextNavigator_IntegrationTests\ContextNavigator_IntegrationTests.csproj", "{06433F84-AFA9-4585-8557-737F1B5129E3}"
EndProject
Project("{2150E333-8FDC-42A3-9474-1A3956D46DE8}") = "Solution Items", "Solution Items", "{7C41C6CA-3082-48DC-8D9F-93881E576A2B}"
	ProjectSection(SolutionItems) = preProject
		IntegrationTests.testsettings = IntegrationTests.testsettings
		UnitTests.testsettings = UnitTests.testsettings
	EndProjectSection
EndProject
Project("{FAE04EC0-301F-11D3-BF4B-00C04F79EFBC}") = "ContextNavigator_UnitTests", "ContextNavigator\ContextNavigator_UnitTests\ContextNavigator_UnitTests.csproj", "{F44A280B-18A3-4EB9-B55F-779B865A2EF3}"
EndProject
Global
	GlobalSection(SolutionConfigurationPlatforms) = preSolution
		Debug|Any CPU = Debug|Any CPU
		Release|Any CPU = Release|Any CPU
	EndGlobalSection
	GlobalSection(ProjectConfigurationPlatforms) = postSolution
		{9511CB7C-5CCB-41DB-A130-9082D8D6EDF8}.Debug|Any CPU.ActiveCfg = Debug|Any CPU
		{9511CB7C-5CCB-41DB-A130-9082D8D6EDF8}.Debug|Any CPU.Build.0 = Debug|Any CPU
		{9511CB7C-5CCB-41DB-A130-9082D8D6EDF8}.Release|Any CPU.ActiveCfg = Release|Any CPU
		{9511CB7C-5CCB-41DB-A130-9082D8D6EDF8}.Release|Any CPU.Build.0 = Release|Any CPU
		{06433F84-AFA9-4585-8557-737F1B5129E3}.Debug|Any CPU.ActiveCfg = Debug|Any CPU
		{06433F84-AFA9-4585-8557-737F1B5129E3}.Debug|Any CPU.Build.0 = Debug|Any CPU
		{06433F84-AFA9-4585-8557-737F1B5129E3}.Release|Any CPU.ActiveCfg = Release|Any CPU
		{06433F84-AFA9-4585-8557-737F1B5129E3}.Release|Any CPU.Build.0 = Release|Any CPU
		{F44A280B-18A3-4EB9-B55F-779B865A2EF3}.Debug|Any CPU.ActiveCfg = Debug|Any CPU
		{F44A280B-18A3-4EB9-B55F-779B865A2EF3}.Debug|Any CPU.Build.0 = Debug|Any CPU
		{F44A280B-18A3-4EB9-B55F-779B865A2EF3}.Release|Any CPU.ActiveCfg = Release|Any CPU
		{F44A280B-18A3-4EB9-B55F-779B865A2EF3}.Release|Any CPU.Build.0 = Release|Any CPU
	EndGlobalSection
	GlobalSection(SolutionProperties) = preSolution
		HideSolutionNode = FALSE
	EndGlobalSection
EndGlobal
